// !$*UTF8*$!
{
	archiveVersion = 1;
	classes = {
	};
	objectVersion = 50;
	objects = {

/* Begin PBXBuildFile section */
		8449C40F20B7CC3A00266C23 /* AppDelegate.swift in Sources */ = {isa = PBXBuildFile; fileRef = 8449C40E20B7CC3A00266C23 /* AppDelegate.swift */; };
		8449C41420B7CC3A00266C23 /* Main.storyboard in Resources */ = {isa = PBXBuildFile; fileRef = 8449C41220B7CC3A00266C23 /* Main.storyboard */; };
		8449C41620B7CC4000266C23 /* Assets.xcassets in Resources */ = {isa = PBXBuildFile; fileRef = 8449C41520B7CC4000266C23 /* Assets.xcassets */; };
		8449C41920B7CC4000266C23 /* LaunchScreen.storyboard in Resources */ = {isa = PBXBuildFile; fileRef = 8449C41720B7CC4000266C23 /* LaunchScreen.storyboard */; };
		84F3693720BD1486004E9177 /* FacepickerController.swift in Sources */ = {isa = PBXBuildFile; fileRef = 84F3693620BD1486004E9177 /* FacepickerController.swift */; };
		84F3693920BD1AFC004E9177 /* DemonstrationViewController.swift in Sources */ = {isa = PBXBuildFile; fileRef = 84F3693820BD1AFC004E9177 /* DemonstrationViewController.swift */; };
/* End PBXBuildFile section */

/* Begin PBXFileReference section */
		8449C40B20B7CC3A00266C23 /* CloseupFacePicker.app */ = {isa = PBXFileReference; explicitFileType = wrapper.application; includeInIndex = 0; path = CloseupFacePicker.app; sourceTree = BUILT_PRODUCTS_DIR; };
		8449C40E20B7CC3A00266C23 /* AppDelegate.swift */ = {isa = PBXFileReference; lastKnownFileType = sourcecode.swift; path = AppDelegate.swift; sourceTree = "<group>"; };
		8449C41320B7CC3A00266C23 /* Base */ = {isa = PBXFileReference; lastKnownFileType = file.storyboard; name = Base; path = Base.lproj/Main.storyboard; sourceTree = "<group>"; };
		8449C41520B7CC4000266C23 /* Assets.xcassets */ = {isa = PBXFileReference; lastKnownFileType = folder.assetcatalog; path = Assets.xcassets; sourceTree = "<group>"; };
		8449C41820B7CC4000266C23 /* Base */ = {isa = PBXFileReference; lastKnownFileType = file.storyboard; name = Base; path = Base.lproj/LaunchScreen.storyboard; sourceTree = "<group>"; };
		8449C41A20B7CC4000266C23 /* Info.plist */ = {isa = PBXFileReference; lastKnownFileType = text.plist.xml; path = Info.plist; sourceTree = "<group>"; };
		84F3693620BD1486004E9177 /* FacepickerController.swift */ = {isa = PBXFileReference; fileEncoding = 4; lastKnownFileType = sourcecode.swift; path = FacepickerController.swift; sourceTree = "<group>"; };
		84F3693820BD1AFC004E9177 /* DemonstrationViewController.swift */ = {isa = PBXFileReference; lastKnownFileType = sourcecode.swift; path = DemonstrationViewController.swift; sourceTree = "<group>"; };
/* End PBXFileReference section */

/* Begin PBXFrameworksBuildPhase section */
		8449C40820B7CC3A00266C23 /* Frameworks */ = {
			isa = PBXFrameworksBuildPhase;
			buildActionMask = 2147483647;
			files = (
			);
			runOnlyForDeploymentPostprocessing = 0;
		};
/* End PBXFrameworksBuildPhase section */

/* Begin PBXGroup section */
		8449C40220B7CC3900266C23 = {
			isa = PBXGroup;
			children = (
				8449C40D20B7CC3A00266C23 /* CloseupFacePicker */,
				8449C40C20B7CC3A00266C23 /* Products */,
			);
			sourceTree = "<group>";
		};
		8449C40C20B7CC3A00266C23 /* Products */ = {
			isa = PBXGroup;
			children = (
				8449C40B20B7CC3A00266C23 /* CloseupFacePicker.app */,
			);
			name = Products;
			sourceTree = "<group>";
		};
		8449C40D20B7CC3A00266C23 /* CloseupFacePicker */ = {
			isa = PBXGroup;
			children = (
				8449C40E20B7CC3A00266C23 /* AppDelegate.swift */,
				84F3693620BD1486004E9177 /* FacepickerController.swift */,
				84F3693820BD1AFC004E9177 /* DemonstrationViewController.swift */,
				8449C41220B7CC3A00266C23 /* Main.storyboard */,
				8449C41520B7CC4000266C23 /* Assets.xcassets */,
				8449C41720B7CC4000266C23 /* LaunchScreen.storyboard */,
				8449C41A20B7CC4000266C23 /* Info.plist */,
			);
			path = CloseupFacePicker;
			sourceTree = "<group>";
		};
/* End PBXGroup section */

/* Begin PBXNativeTarget section */
		8449C40A20B7CC3A00266C23 /* CloseupFacePicker */ = {
			isa = PBXNativeTarget;
			buildConfigurationList = 8449C41D20B7CC4000266C23 /* Build configuration list for PBXNativeTarget "CloseupFacePicker" */;
			buildPhases = (
				8449C40720B7CC3A00266C23 /* Sources */,
				8449C40820B7CC3A00266C23 /* Frameworks */,
				8449C40920B7CC3A00266C23 /* Resources */,
			);
			buildRules = (
			);
			dependencies = (
			);
			name = CloseupFacePicker;
			productName = CloseupFacePicker;
			productReference = 8449C40B20B7CC3A00266C23 /* CloseupFacePicker.app */;
			productType = "com.apple.product-type.application";
		};
/* End PBXNativeTarget section */

/* Begin PBXProject section */
		8449C40320B7CC3900266C23 /* Project object */ = {
			isa = PBXProject;
			attributes = {
				LastSwiftUpdateCheck = 0930;
				LastUpgradeCheck = 0930;
				ORGANIZATIONNAME = bhavesh;
				TargetAttributes = {
					8449C40A20B7CC3A00266C23 = {
						CreatedOnToolsVersion = 9.3.1;
					};
				};
			};
			buildConfigurationList = 8449C40620B7CC3900266C23 /* Build configuration list for PBXProject "CloseupFacePicker" */;
			compatibilityVersion = "Xcode 9.3";
			developmentRegion = en;
			hasScannedForEncodings = 0;
			knownRegions = (
				en,
				Base,
			);
			mainGroup = 8449C40220B7CC3900266C23;
			productRefGroup = 8449C40C20B7CC3A00266C23 /* Products */;
			projectDirPath = "";
			projectRoot = "";
			targets = (
				8449C40A20B7CC3A00266C23 /* CloseupFacePicker */,
			);
		};
/* End PBXProject section */

/* Begin PBXResourcesBuildPhase section */
		8449C40920B7CC3A00266C23 /* Resources */ = {
			isa = PBXResourcesBuildPhase;
			buildActionMask = 2147483647;
			files = (
				8449C41920B7CC4000266C23 /* LaunchScreen.storyboard in Resources */,
				8449C41620B7CC4000266C23 /* Assets.xcassets in Resources */,
				8449C41420B7CC3A00266C23 /* Main.storyboard in Resources */,
			);
			runOnlyForDeploymentPostprocessing = 0;
		};
/* End PBXResourcesBuildPhase section */

/* Begin PBXSourcesBuildPhase section */
		8449C40720B7CC3A00266C23 /* Sources */ = {
			isa = PBXSourcesBuildPhase;
			buildActionMask = 2147483647;
			files = (
				84F3693720BD1486004E9177 /* FacepickerController.swift in Sources */,
				84F3693920BD1AFC004E9177 /* DemonstrationViewController.swift in Sources */,
				8449C40F20B7CC3A00266C23 /* AppDelegate.swift in Sources */,
			);
			runOnlyForDeploymentPostprocessing = 0;
		};
/* End PBXSourcesBuildPhase section */

/* Begin PBXVariantGroup section */
		8449C41220B7CC3A00266C23 /* Main.storyboard */ = {
			isa = PBXVariantGroup;
			children = (
				8449C41320B7CC3A00266C23 /* Base */,
			);
			name = Main.storyboard;
			sourceTree = "<group>";
		};
		8449C41720B7CC4000266C23 /* LaunchScreen.storyboard */ = {
			isa = PBXVariantGroup;
			children = (
				8449C41820B7CC4000266C23 /* Base */,
			);
			name = LaunchScreen.storyboard;
			sourceTree = "<group>";
		};
/* End PBXVariantGroup section */

/* Begin XCBuildConfiguration section */
		8449C41B20B7CC4000266C23 /* Debug */ = {
			isa = XCBuildConfiguration;
			buildSettings = {
				ALWAYS_SEARCH_USER_PATHS = NO;
				CLANG_ANALYZER_NONNULL = YES;
				CLANG_ANALYZER_NUMBER_OBJECT_CONVERSION = YES_AGGRESSIVE;
				CLANG_CXX_LANGUAGE_STANDARD = "gnu++14";
				CLANG_CXX_LIBRARY = "libc++";
				CLANG_ENABLE_MODULES = YES;
				CLANG_ENABLE_OBJC_ARC = YES;
				CLANG_ENABLE_OBJC_WEAK = YES;
				CLANG_WARN_BLOCK_CAPTURE_AUTORELEASING = YES;
				CLANG_WARN_BOOL_CONVERSION = YES;
				CLANG_WARN_COMMA = YES;
				CLANG_WARN_CONSTANT_CONVERSION = YES;
				CLANG_WARN_DEPRECATED_OBJC_IMPLEMENTATIONS = YES;
				CLANG_WARN_DIRECT_OBJC_ISA_USAGE = YES_ERROR;
				CLANG_WARN_DOCUMENTATION_COMMENTS = YES;
				CLANG_WARN_EMPTY_BODY = YES;
				CLANG_WARN_ENUM_CONVERSION = YES;
				CLANG_WARN_INFINITE_RECURSION = YES;
				CLANG_WARN_INT_CONVERSION = YES;
				CLANG_WARN_NON_LITERAL_NULL_CONVERSION = YES;
				CLANG_WARN_OBJC_IMPLICIT_RETAIN_SELF = YES;
				CLANG_WARN_OBJC_LITERAL_CONVERSION = YES;
				CLANG_WARN_OBJC_ROOT_CLASS = YES_ERROR;
				CLANG_WARN_RANGE_LOOP_ANALYSIS = YES;
				CLANG_WARN_STRICT_PROTOTYPES = YES;
				CLANG_WARN_SUSPICIOUS_MOVE = YES;
				CLANG_WARN_UNGUARDED_AVAILABILITY = YES_AGGRESSIVE;
				CLANG_WARN_UNREACHABLE_CODE = YES;
				CLANG_WARN__DUPLICATE_METHOD_MATCH = YES;
				CODE_SIGN_IDENTITY = "iPhone Developer";
				COPY_PHASE_STRIP = NO;
				DEBUG_INFORMATION_FORMAT = dwarf;
				ENABLE_STRICT_OBJC_MSGSEND = YES;
				ENABLE_TESTABILITY = YES;
				GCC_C_LANGUAGE_STANDARD = gnu11;
				GCC_DYNAMIC_NO_PIC = NO;
				GCC_NO_COMMON_BLOCKS = YES;
				GCC_OPTIMIZATION_LEVEL = 0;
				GCC_PREPROCESSOR_DEFINITIONS = (
					"DEBUG=1",
					"$(inherited)",
				);
				GCC_WARN_64_TO_32_BIT_CONVERSION = YES;
				GCC_WARN_ABOUT_RETURN_TYPE = YES_ERROR;
				GCC_WARN_UNDECLARED_SELECTOR = YES;
				GCC_WARN_UNINITIALIZED_AUTOS = YES_AGGRESSIVE;
				GCC_WARN_UNUSED_FUNCTION = YES;
				GCC_WARN_UNUSED_VARIABLE = YES;
				IPHONEOS_DEPLOYMENT_TARGET = 11.3;
				MTL_ENABLE_DEBUG_INFO = YES;
				ONLY_ACTIVE_ARCH = YES;
				SDKROOT = iphoneos;
				SWIFT_ACTIVE_COMPILATION_CONDITIONS = DEBUG;
				SWIFT_OPTIMIZATION_LEVEL = "-Onone";
			};
			name = Debug;
		};
		8449C41C20B7CC4000266C23 /* Release */ = {
			isa = XCBuildConfiguration;
			buildSettings = {
				ALWAYS_SEARCH_USER_PATHS = NO;
				CLANG_ANALYZER_NONNULL = YES;
				CLANG_ANALYZER_NUMBER_OBJECT_CONVERSION = YES_AGGRESSIVE;
				CLANG_CXX_LANGUAGE_STANDARD = "gnu++14";
				CLANG_CXX_LIBRARY = "libc++";
				CLANG_ENABLE_MODULES = YES;
				CLANG_ENABLE_OBJC_ARC = YES;
				CLANG_ENABLE_OBJC_WEAK = YES;
				CLANG_WARN_BLOCK_CAPTURE_AUTORELEASING = YES;
				CLANG_WARN_BOOL_CONVERSION = YES;
				CLANG_WARN_COMMA = YES;
				CLANG_WARN_CONSTANT_CONVERSION = YES;
				CLANG_WARN_DEPRECATED_OBJC_IMPLEMENTATIONS = YES;
				CLANG_WARN_DIRECT_OBJC_ISA_USAGE = YES_ERROR;
				CLANG_WARN_DOCUMENTATION_COMMENTS = YES;
				CLANG_WARN_EMPTY_BODY = YES;
				CLANG_WARN_ENUM_CONVERSION = YES;
				CLANG_WARN_INFINITE_RECURSION = YES;
				CLANG_WARN_INT_CONVERSION = YES;
				CLANG_WARN_NON_LITERAL_NULL_CONVERSION = YES;
				CLANG_WARN_OBJC_IMPLICIT_RETAIN_SELF = YES;
				CLANG_WARN_OBJC_LITERAL_CONVERSION = YES;
				CLANG_WARN_OBJC_ROOT_CLASS = YES_ERROR;
				CLANG_WARN_RANGE_LOOP_ANALYSIS = YES;
				CLANG_WARN_STRICT_PROTOTYPES = YES;
				CLANG_WARN_SUSPICIOUS_MOVE = YES;
				CLANG_WARN_UNGUARDED_AVAILABILITY = YES_AGGRESSIVE;
				CLANG_WARN_UNREACHABLE_CODE = YES;
				CLANG_WARN__DUPLICATE_METHOD_MATCH = YES;
				CODE_SIGN_IDENTITY = "iPhone Developer";
				COPY_PHASE_STRIP = NO;
				DEBUG_INFORMATION_FORMAT = "dwarf-with-dsym";
				ENABLE_NS_ASSERTIONS = NO;
				ENABLE_STRICT_OBJC_MSGSEND = YES;
				GCC_C_LANGUAGE_STANDARD = gnu11;
				GCC_NO_COMMON_BLOCKS = YES;
				GCC_WARN_64_TO_32_BIT_CONVERSION = YES;
				GCC_WARN_ABOUT_RETURN_TYPE = YES_ERROR;
				GCC_WARN_UNDECLARED_SELECTOR = YES;
				GCC_WARN_UNINITIALIZED_AUTOS = YES_AGGRESSIVE;
				GCC_WARN_UNUSED_FUNCTION = YES;
				GCC_WARN_UNUSED_VARIABLE = YES;
				IPHONEOS_DEPLOYMENT_TARGET = 11.3;
				MTL_ENABLE_DEBUG_INFO = NO;
				SDKROOT = iphoneos;
				SWIFT_COMPILATION_MODE = wholemodule;
				SWIFT_OPTIMIZATION_LEVEL = "-O";
				VALIDATE_PRODUCT = YES;
			};
			name = Release;
		};
		8449C41E20B7CC4000266C23 /* Debug */ = {
			isa = XCBuildConfiguration;
			buildSettings = {
				ASSETCATALOG_COMPILER_APPICON_NAME = AppIcon;
				CODE_SIGN_STYLE = Automatic;
				DEVELOPMENT_TEAM = AZ7XCV3ZTE;
				INFOPLIST_FILE = CloseupFacePicker/Info.plist;
				IPHONEOS_DEPLOYMENT_TARGET = 11.0;
				LD_RUNPATH_SEARCH_PATHS = (
					"$(inherited)",
					"@executable_path/Frameworks",
				);
				PRODUCT_BUNDLE_IDENTIFIER = com.bhavesh.CloseupFacePicker;
				PRODUCT_NAME = "$(TARGET_NAME)";
				SWIFT_VERSION = 4.0;
				TARGETED_DEVICE_FAMILY = "1,2";
			};
			name = Debug;
		};
		8449C41F20B7CC4000266C23 /* Release */ = {
			isa = XCBuildConfiguration;
			buildSettings = {
				ASSETCATALOG_COMPILER_APPICON_NAME = AppIcon;
				CODE_SIGN_STYLE = Automatic;
				DEVELOPMENT_TEAM = AZ7XCV3ZTE;
				INFOPLIST_FILE = CloseupFacePicker/Info.plist;
				IPHONEOS_DEPLOYMENT_TARGET = 11.0;
				LD_RUNPATH_SEARCH_PATHS = (
					"$(inherited)",
					"@executable_path/Frameworks",
				);
				PRODUCT_BUNDLE_IDENTIFIER = com.bhavesh.CloseupFacePicker;
				PRODUCT_NAME = "$(TARGET_NAME)";
				SWIFT_VERSION = 4.0;
				TARGETED_DEVICE_FAMILY = "1,2";
			};
			name = Release;
		};
/* End XCBuildConfiguration section */

/* Begin XCConfigurationList section */
		8449C40620B7CC3900266C23 /* Build configuration list for PBXProject "CloseupFacePicker" */ = {
			isa = XCConfigurationList;
			buildConfigurations = (
				8449C41B20B7CC4000266C23 /* Debug */,
				8449C41C20B7CC4000266C23 /* Release */,
			);
			defaultConfigurationIsVisible = 0;
			defaultConfigurationName = Release;
		};
		8449C41D20B7CC4000266C23 /* Build configuration list for PBXNativeTarget "CloseupFacePicker" */ = {
			isa = XCConfigurationList;
			buildConfigurations = (
				8449C41E20B7CC4000266C23 /* Debug */,
				8449C41F20B7CC4000266C23 /* Release */,
			);
			defaultConfigurationIsVisible = 0;
			defaultConfigurationName = Release;
		};
/* End XCConfigurationList section */
	};
	rootObject = 8449C40320B7CC3900266C23 /* Project object */;
}
